
Microsoft Visual Studio Solution File, Format Version 12.00
# Visual Studio Version 17
VisualStudioVersion = 17.10.34902.84
MinimumVisualStudioVersion = 10.0.40219.1
Project("{FAE04EC0-301F-11D3-BF4B-00C04F79EFBC}") = "KmlAPI", "KmlAPI\KmlAPI.csproj", "{94EFBE89-8A8E-47FA-B5D8-24CC54795878}"
EndProject
Global
	GlobalSection(SolutionConfigurationPlatforms) = preSolution
		Debug|Any CPU = Debug|Any CPU
		Release|Any CPU = Release|Any CPU
	EndGlobalSection
	GlobalSection(ProjectConfigurationPlatforms) = postSolution
		{94EFBE89-8A8E-47FA-B5D8-24CC54795878}.Debug|Any CPU.ActiveCfg = Debug|Any CPU
		{94EFBE89-8A8E-47FA-B5D8-24CC54795878}.Debug|Any CPU.Build.0 = Debug|Any CPU
		{94EFBE89-8A8E-47FA-B5D8-24CC54795878}.Release|Any CPU.ActiveCfg = Release|Any CPU
		{94EFBE89-8A8E-47FA-B5D8-24CC54795878}.Release|Any CPU.Build.0 = Release|Any CPU
	EndGlobalSection
	GlobalSection(SolutionProperties) = preSolution
		HideSolutionNode = FALSE
	EndGlobalSection
	GlobalSection(ExtensibilityGlobals) = postSolution
		SolutionGuid = {EFB3A18E-B426-4548-89BA-5F224AC097DF}
	EndGlobalSection
EndGlobal
